// !$*UTF8*$!
{
	archiveVersion = 1;
	classes = {
	};
	objectVersion = 50;
	objects = {

/* Begin PBXBuildFile section */
		7549B66422C1960200FC1367 /* BorderButton.swift in Sources */ = {isa = PBXBuildFile; fileRef = 7549B66322C1960200FC1367 /* BorderButton.swift */; };
		7567497922C18F05003BF614 /* AppDelegate.swift in Sources */ = {isa = PBXBuildFile; fileRef = 7567497822C18F05003BF614 /* AppDelegate.swift */; };
		7567497B22C18F05003BF614 /* SceneDelegate.swift in Sources */ = {isa = PBXBuildFile; fileRef = 7567497A22C18F05003BF614 /* SceneDelegate.swift */; };
		7567497D22C18F05003BF614 /* ViewController.swift in Sources */ = {isa = PBXBuildFile; fileRef = 7567497C22C18F05003BF614 /* ViewController.swift */; };
		7567498022C18F05003BF614 /* Main.storyboard in Resources */ = {isa = PBXBuildFile; fileRef = 7567497E22C18F05003BF614 /* Main.storyboard */; };
		7567498222C18F06003BF614 /* Assets.xcassets in Resources */ = {isa = PBXBuildFile; fileRef = 7567498122C18F06003BF614 /* Assets.xcassets */; };
		7567498522C18F06003BF614 /* LaunchScreen.storyboard in Resources */ = {isa = PBXBuildFile; fileRef = 7567498322C18F06003BF614 /* LaunchScreen.storyboard */; };
		7595484322C1D52E002DE46C /* LeagueViewController.swift in Sources */ = {isa = PBXBuildFile; fileRef = 7595484222C1D52E002DE46C /* LeagueViewController.swift */; };
		7595484522C1D547002DE46C /* SkillViewController.swift in Sources */ = {isa = PBXBuildFile; fileRef = 7595484422C1D547002DE46C /* SkillViewController.swift */; };
		75B3345922C2792F00F34E86 /* Player.swift in Sources */ = {isa = PBXBuildFile; fileRef = 75B3345822C2792F00F34E86 /* Player.swift */; };
/* End PBXBuildFile section */

/* Begin PBXFileReference section */
		7549B66322C1960200FC1367 /* BorderButton.swift */ = {isa = PBXFileReference; lastKnownFileType = sourcecode.swift; path = BorderButton.swift; sourceTree = "<group>"; };
		7567497522C18F05003BF614 /* app-swoosh.app */ = {isa = PBXFileReference; explicitFileType = wrapper.application; includeInIndex = 0; path = "app-swoosh.app"; sourceTree = BUILT_PRODUCTS_DIR; };
		7567497822C18F05003BF614 /* AppDelegate.swift */ = {isa = PBXFileReference; lastKnownFileType = sourcecode.swift; path = AppDelegate.swift; sourceTree = "<group>"; };
		7567497A22C18F05003BF614 /* SceneDelegate.swift */ = {isa = PBXFileReference; lastKnownFileType = sourcecode.swift; path = SceneDelegate.swift; sourceTree = "<group>"; };
		7567497C22C18F05003BF614 /* ViewController.swift */ = {isa = PBXFileReference; lastKnownFileType = sourcecode.swift; path = ViewController.swift; sourceTree = "<group>"; };
		7567497F22C18F05003BF614 /* Base */ = {isa = PBXFileReference; lastKnownFileType = file.storyboard; name = Base; path = Base.lproj/Main.storyboard; sourceTree = "<group>"; };
		7567498122C18F06003BF614 /* Assets.xcassets */ = {isa = PBXFileReference; lastKnownFileType = folder.assetcatalog; path = Assets.xcassets; sourceTree = "<group>"; };
		7567498422C18F06003BF614 /* Base */ = {isa = PBXFileReference; lastKnownFileType = file.storyboard; name = Base; path = Base.lproj/LaunchScreen.storyboard; sourceTree = "<group>"; };
		7567498622C18F06003BF614 /* Info.plist */ = {isa = PBXFileReference; lastKnownFileType = text.plist.xml; path = Info.plist; sourceTree = "<group>"; };
		7595484222C1D52E002DE46C /* LeagueViewController.swift */ = {isa = PBXFileReference; lastKnownFileType = sourcecode.swift; path = LeagueViewController.swift; sourceTree = "<group>"; };
		7595484422C1D547002DE46C /* SkillViewController.swift */ = {isa = PBXFileReference; lastKnownFileType = sourcecode.swift; path = SkillViewController.swift; sourceTree = "<group>"; };
		75B3345822C2792F00F34E86 /* Player.swift */ = {isa = PBXFileReference; lastKnownFileType = sourcecode.swift; path = Player.swift; sourceTree = "<group>"; };
/* End PBXFileReference section */

/* Begin PBXFrameworksBuildPhase section */
		7567497222C18F05003BF614 /* Frameworks */ = {
			isa = PBXFrameworksBuildPhase;
			buildActionMask = 2147483647;
			files = (
			);
			runOnlyForDeploymentPostprocessing = 0;
		};
/* End PBXFrameworksBuildPhase section */

/* Begin PBXGroup section */
		7549B66222C1955900FC1367 /* View */ = {
			isa = PBXGroup;
			children = (
				7549B66322C1960200FC1367 /* BorderButton.swift */,
			);
			path = View;
			sourceTree = "<group>";
		};
		7567496C22C18F05003BF614 = {
			isa = PBXGroup;
			children = (
				7567497722C18F05003BF614 /* app-swoosh */,
				7567497622C18F05003BF614 /* Products */,
			);
			sourceTree = "<group>";
		};
		7567497622C18F05003BF614 /* Products */ = {
			isa = PBXGroup;
			children = (
				7567497522C18F05003BF614 /* app-swoosh.app */,
			);
			name = Products;
			sourceTree = "<group>";
		};
		7567497722C18F05003BF614 /* app-swoosh */ = {
			isa = PBXGroup;
			children = (
				7595484122C1D419002DE46C /* Controller */,
				7595484022C1D411002DE46C /* Model */,
				7549B66222C1955900FC1367 /* View */,
				7567497822C18F05003BF614 /* AppDelegate.swift */,
				7567497A22C18F05003BF614 /* SceneDelegate.swift */,
				7567497E22C18F05003BF614 /* Main.storyboard */,
				7567498122C18F06003BF614 /* Assets.xcassets */,
				7567498322C18F06003BF614 /* LaunchScreen.storyboard */,
				7567498622C18F06003BF614 /* Info.plist */,
			);
			path = "app-swoosh";
			sourceTree = "<group>";
		};
		7595484022C1D411002DE46C /* Model */ = {
			isa = PBXGroup;
			children = (
				75B3345822C2792F00F34E86 /* Player.swift */,
			);
			path = Model;
			sourceTree = "<group>";
		};
		7595484122C1D419002DE46C /* Controller */ = {
			isa = PBXGroup;
			children = (
				7567497C22C18F05003BF614 /* ViewController.swift */,
				7595484222C1D52E002DE46C /* LeagueViewController.swift */,
				7595484422C1D547002DE46C /* SkillViewController.swift */,
			);
			path = Controller;
			sourceTree = "<group>";
		};
/* End PBXGroup section */

/* Begin PBXNativeTarget section */
		7567497422C18F05003BF614 /* app-swoosh */ = {
			isa = PBXNativeTarget;
			buildConfigurationList = 7567498922C18F06003BF614 /* Build configuration list for PBXNativeTarget "app-swoosh" */;
			buildPhases = (
				7567497122C18F05003BF614 /* Sources */,
				7567497222C18F05003BF614 /* Frameworks */,
				7567497322C18F05003BF614 /* Resources */,
			);
			buildRules = (
			);
			dependencies = (
			);
			name = "app-swoosh";
			productName = "app-swoosh";
			productReference = 7567497522C18F05003BF614 /* app-swoosh.app */;
			productType = "com.apple.product-type.application";
		};
/* End PBXNativeTarget section */

/* Begin PBXProject section */
		7567496D22C18F05003BF614 /* Project object */ = {
			isa = PBXProject;
			attributes = {
				LastSwiftUpdateCheck = 1100;
				LastUpgradeCheck = 1100;
				ORGANIZATIONNAME = "Anthony Cozzi";
				TargetAttributes = {
					7567497422C18F05003BF614 = {
						CreatedOnToolsVersion = 11.0;
					};
				};
			};
			buildConfigurationList = 7567497022C18F05003BF614 /* Build configuration list for PBXProject "app-swoosh" */;
			compatibilityVersion = "Xcode 9.3";
			developmentRegion = en;
			hasScannedForEncodings = 0;
			knownRegions = (
				en,
				Base,
			);
			mainGroup = 7567496C22C18F05003BF614;
			productRefGroup = 7567497622C18F05003BF614 /* Products */;
			projectDirPath = "";
			projectRoot = "";
			targets = (
				7567497422C18F05003BF614 /* app-swoosh */,
			);
		};
/* End PBXProject section */

/* Begin PBXResourcesBuildPhase section */
		7567497322C18F05003BF614 /* Resources */ = {
			isa = PBXResourcesBuildPhase;
			buildActionMask = 2147483647;
			files = (
				7567498522C18F06003BF614 /* LaunchScreen.storyboard in Resources */,
				7567498222C18F06003BF614 /* Assets.xcassets in Resources */,
				7567498022C18F05003BF614 /* Main.storyboard in Resources */,
			);
			runOnlyForDeploymentPostprocessing = 0;
		};
/* End PBXResourcesBuildPhase section */

/* Begin PBXSourcesBuildPhase section */
		7567497122C18F05003BF614 /* Sources */ = {
			isa = PBXSourcesBuildPhase;
			buildActionMask = 2147483647;
			files = (
				7567497D22C18F05003BF614 /* ViewController.swift in Sources */,
				7567497922C18F05003BF614 /* AppDelegate.swift in Sources */,
				7567497B22C18F05003BF614 /* SceneDelegate.swift in Sources */,
				7595484322C1D52E002DE46C /* LeagueViewController.swift in Sources */,
				75B3345922C2792F00F34E86 /* Player.swift in Sources */,
				7595484522C1D547002DE46C /* SkillViewController.swift in Sources */,
				7549B66422C1960200FC1367 /* BorderButton.swift in Sources */,
			);
			runOnlyForDeploymentPostprocessing = 0;
		};
/* End PBXSourcesBuildPhase section */

/* Begin PBXVariantGroup section */
		7567497E22C18F05003BF614 /* Main.storyboard */ = {
			isa = PBXVariantGroup;
			children = (
				7567497F22C18F05003BF614 /* Base */,
			);
			name = Main.storyboard;
			sourceTree = "<group>";
		};
		7567498322C18F06003BF614 /* LaunchScreen.storyboard */ = {
			isa = PBXVariantGroup;
			children = (
				7567498422C18F06003BF614 /* Base */,
			);
			name = LaunchScreen.storyboard;
			sourceTree = "<group>";
		};
/* End PBXVariantGroup section */

/* Begin XCBuildConfiguration section */
		7567498722C18F06003BF614 /* Debug */ = {
			isa = XCBuildConfiguration;
			buildSettings = {
				ALWAYS_SEARCH_USER_PATHS = NO;
				CLANG_ANALYZER_NONNULL = YES;
				CLANG_ANALYZER_NUMBER_OBJECT_CONVERSION = YES_AGGRESSIVE;
				CLANG_CXX_LANGUAGE_STANDARD = "gnu++14";
				CLANG_CXX_LIBRARY = "libc++";
				CLANG_ENABLE_MODULES = YES;
				CLANG_ENABLE_OBJC_ARC = YES;
				CLANG_ENABLE_OBJC_WEAK = YES;
				CLANG_WARN_BLOCK_CAPTURE_AUTORELEASING = YES;
				CLANG_WARN_BOOL_CONVERSION = YES;
				CLANG_WARN_COMMA = YES;
				CLANG_WARN_CONSTANT_CONVERSION = YES;
				CLANG_WARN_DEPRECATED_OBJC_IMPLEMENTATIONS = YES;
				CLANG_WARN_DIRECT_OBJC_ISA_USAGE = YES_ERROR;
				CLANG_WARN_DOCUMENTATION_COMMENTS = YES;
				CLANG_WARN_EMPTY_BODY = YES;
				CLANG_WARN_ENUM_CONVERSION = YES;
				CLANG_WARN_INFINITE_RECURSION = YES;
				CLANG_WARN_INT_CONVERSION = YES;
				CLANG_WARN_NON_LITERAL_NULL_CONVERSION = YES;
				CLANG_WARN_OBJC_IMPLICIT_RETAIN_SELF = YES;
				CLANG_WARN_OBJC_LITERAL_CONVERSION = YES;
				CLANG_WARN_OBJC_ROOT_CLASS = YES_ERROR;
				CLANG_WARN_RANGE_LOOP_ANALYSIS = YES;
				CLANG_WARN_STRICT_PROTOTYPES = YES;
				CLANG_WARN_SUSPICIOUS_MOVE = YES;
				CLANG_WARN_UNGUARDED_AVAILABILITY = YES_AGGRESSIVE;
				CLANG_WARN_UNREACHABLE_CODE = YES;
				CLANG_WARN__DUPLICATE_METHOD_MATCH = YES;
				COPY_PHASE_STRIP = NO;
				DEBUG_INFORMATION_FORMAT = dwarf;
				ENABLE_STRICT_OBJC_MSGSEND = YES;
				ENABLE_TESTABILITY = YES;
				GCC_C_LANGUAGE_STANDARD = gnu11;
				GCC_DYNAMIC_NO_PIC = NO;
				GCC_NO_COMMON_BLOCKS = YES;
				GCC_OPTIMIZATION_LEVEL = 0;
				GCC_PREPROCESSOR_DEFINITIONS = (
					"DEBUG=1",
					"$(inherited)",
				);
				GCC_WARN_64_TO_32_BIT_CONVERSION = YES;
				GCC_WARN_ABOUT_RETURN_TYPE = YES_ERROR;
				GCC_WARN_UNDECLARED_SELECTOR = YES;
				GCC_WARN_UNINITIALIZED_AUTOS = YES_AGGRESSIVE;
				GCC_WARN_UNUSED_FUNCTION = YES;
				GCC_WARN_UNUSED_VARIABLE = YES;
				IPHONEOS_DEPLOYMENT_TARGET = 13.0;
				MTL_ENABLE_DEBUG_INFO = INCLUDE_SOURCE;
				MTL_FAST_MATH = YES;
				ONLY_ACTIVE_ARCH = YES;
				SDKROOT = iphoneos;
				SWIFT_ACTIVE_COMPILATION_CONDITIONS = DEBUG;
				SWIFT_OPTIMIZATION_LEVEL = "-Onone";
			};
			name = Debug;
		};
		7567498822C18F06003BF614 /* Release */ = {
			isa = XCBuildConfiguration;
			buildSettings = {
				ALWAYS_SEARCH_USER_PATHS = NO;
				CLANG_ANALYZER_NONNULL = YES;
				CLANG_ANALYZER_NUMBER_OBJECT_CONVERSION = YES_AGGRESSIVE;
				CLANG_CXX_LANGUAGE_STANDARD = "gnu++14";
				CLANG_CXX_LIBRARY = "libc++";
				CLANG_ENABLE_MODULES = YES;
				CLANG_ENABLE_OBJC_ARC = YES;
				CLANG_ENABLE_OBJC_WEAK = YES;
				CLANG_WARN_BLOCK_CAPTURE_AUTORELEASING = YES;
				CLANG_WARN_BOOL_CONVERSION = YES;
				CLANG_WARN_COMMA = YES;
				CLANG_WARN_CONSTANT_CONVERSION = YES;
				CLANG_WARN_DEPRECATED_OBJC_IMPLEMENTATIONS = YES;
				CLANG_WARN_DIRECT_OBJC_ISA_USAGE = YES_ERROR;
				CLANG_WARN_DOCUMENTATION_COMMENTS = YES;
				CLANG_WARN_EMPTY_BODY = YES;
				CLANG_WARN_ENUM_CONVERSION = YES;
				CLANG_WARN_INFINITE_RECURSION = YES;
				CLANG_WARN_INT_CONVERSION = YES;
				CLANG_WARN_NON_LITERAL_NULL_CONVERSION = YES;
				CLANG_WARN_OBJC_IMPLICIT_RETAIN_SELF = YES;
				CLANG_WARN_OBJC_LITERAL_CONVERSION = YES;
				CLANG_WARN_OBJC_ROOT_CLASS = YES_ERROR;
				CLANG_WARN_RANGE_LOOP_ANALYSIS = YES;
				CLANG_WARN_STRICT_PROTOTYPES = YES;
				CLANG_WARN_SUSPICIOUS_MOVE = YES;
				CLANG_WARN_UNGUARDED_AVAILABILITY = YES_AGGRESSIVE;
				CLANG_WARN_UNREACHABLE_CODE = YES;
				CLANG_WARN__DUPLICATE_METHOD_MATCH = YES;
				COPY_PHASE_STRIP = NO;
				DEBUG_INFORMATION_FORMAT = "dwarf-with-dsym";
				ENABLE_NS_ASSERTIONS = NO;
				ENABLE_STRICT_OBJC_MSGSEND = YES;
				GCC_C_LANGUAGE_STANDARD = gnu11;
				GCC_NO_COMMON_BLOCKS = YES;
				GCC_WARN_64_TO_32_BIT_CONVERSION = YES;
				GCC_WARN_ABOUT_RETURN_TYPE = YES_ERROR;
				GCC_WARN_UNDECLARED_SELECTOR = YES;
				GCC_WARN_UNINITIALIZED_AUTOS = YES_AGGRESSIVE;
				GCC_WARN_UNUSED_FUNCTION = YES;
				GCC_WARN_UNUSED_VARIABLE = YES;
				IPHONEOS_DEPLOYMENT_TARGET = 13.0;
				MTL_ENABLE_DEBUG_INFO = NO;
				MTL_FAST_MATH = YES;
				SDKROOT = iphoneos;
				SWIFT_COMPILATION_MODE = wholemodule;
				SWIFT_OPTIMIZATION_LEVEL = "-O";
				VALIDATE_PRODUCT = YES;
			};
			name = Release;
		};
		7567498A22C18F06003BF614 /* Debug */ = {
			isa = XCBuildConfiguration;
			buildSettings = {
				ASSETCATALOG_COMPILER_APPICON_NAME = AppIcon;
				CODE_SIGN_STYLE = Automatic;
				INFOPLIST_FILE = "app-swoosh/Info.plist";
				LD_RUNPATH_SEARCH_PATHS = (
					"$(inherited)",
					"@executable_path/Frameworks",
				);
				PRODUCT_BUNDLE_IDENTIFIER = "adcstack.app-swoosh";
				PRODUCT_NAME = "$(TARGET_NAME)";
				SWIFT_VERSION = 5.0;
				TARGETED_DEVICE_FAMILY = "1,2";
			};
			name = Debug;
		};
		7567498B22C18F06003BF614 /* Release */ = {
			isa = XCBuildConfiguration;
			buildSettings = {
				ASSETCATALOG_COMPILER_APPICON_NAME = AppIcon;
				CODE_SIGN_STYLE = Automatic;
				INFOPLIST_FILE = "app-swoosh/Info.plist";
				LD_RUNPATH_SEARCH_PATHS = (
					"$(inherited)",
					"@executable_path/Frameworks",
				);
				PRODUCT_BUNDLE_IDENTIFIER = "adcstack.app-swoosh";
				PRODUCT_NAME = "$(TARGET_NAME)";
				SWIFT_VERSION = 5.0;
				TARGETED_DEVICE_FAMILY = "1,2";
			};
			name = Release;
		};
/* End XCBuildConfiguration section */

/* Begin XCConfigurationList section */
		7567497022C18F05003BF614 /* Build configuration list for PBXProject "app-swoosh" */ = {
			isa = XCConfigurationList;
			buildConfigurations = (
				7567498722C18F06003BF614 /* Debug */,
				7567498822C18F06003BF614 /* Release */,
			);
			defaultConfigurationIsVisible = 0;
			defaultConfigurationName = Release;
		};
		7567498922C18F06003BF614 /* Build configuration list for PBXNativeTarget "app-swoosh" */ = {
			isa = XCConfigurationList;
			buildConfigurations = (
				7567498A22C18F06003BF614 /* Debug */,
				7567498B22C18F06003BF614 /* Release */,
			);
			defaultConfigurationIsVisible = 0;
			defaultConfigurationName = Release;
		};
/* End XCConfigurationList section */
	};
	rootObject = 7567496D22C18F05003BF614 /* Project object */;
}
